// !$*UTF8*$!
{
	archiveVersion = 1;
	classes = {
	};
	objectVersion = 55;
	objects = {

/* Begin PBXBuildFile section */
		9AADBC65275BA610008FEECF /* AppDelegate.swift in Sources */ = {isa = PBXBuildFile; fileRef = 9AADBC64275BA610008FEECF /* AppDelegate.swift */; };
		9AADBC67275BA610008FEECF /* SceneDelegate.swift in Sources */ = {isa = PBXBuildFile; fileRef = 9AADBC66275BA610008FEECF /* SceneDelegate.swift */; };
		9AADBC69275BA610008FEECF /* ViewController.swift in Sources */ = {isa = PBXBuildFile; fileRef = 9AADBC68275BA610008FEECF /* ViewController.swift */; };
		9AADBC6C275BA610008FEECF /* Main.storyboard in Resources */ = {isa = PBXBuildFile; fileRef = 9AADBC6A275BA610008FEECF /* Main.storyboard */; };
		9AADBC6E275BA612008FEECF /* Assets.xcassets in Resources */ = {isa = PBXBuildFile; fileRef = 9AADBC6D275BA612008FEECF /* Assets.xcassets */; };
		9AADBC71275BA612008FEECF /* LaunchScreen.storyboard in Resources */ = {isa = PBXBuildFile; fileRef = 9AADBC6F275BA612008FEECF /* LaunchScreen.storyboard */; };
		9AADBC7C275BA612008FEECF /* WeatherTests.swift in Sources */ = {isa = PBXBuildFile; fileRef = 9AADBC7B275BA612008FEECF /* WeatherTests.swift */; };
		9AADBC86275BA612008FEECF /* WeatherUITests.swift in Sources */ = {isa = PBXBuildFile; fileRef = 9AADBC85275BA612008FEECF /* WeatherUITests.swift */; };
		9AADBC88275BA612008FEECF /* WeatherUITestsLaunchTests.swift in Sources */ = {isa = PBXBuildFile; fileRef = 9AADBC87275BA612008FEECF /* WeatherUITestsLaunchTests.swift */; };
		9AADBC98275BC4A1008FEECF /* Weather.swift in Sources */ = {isa = PBXBuildFile; fileRef = 9AADBC97275BC4A1008FEECF /* Weather.swift */; };
/* End PBXBuildFile section */

/* Begin PBXContainerItemProxy section */
		9AADBC78275BA612008FEECF /* PBXContainerItemProxy */ = {
			isa = PBXContainerItemProxy;
			containerPortal = 9AADBC59275BA610008FEECF /* Project object */;
			proxyType = 1;
			remoteGlobalIDString = 9AADBC60275BA610008FEECF;
			remoteInfo = Weather;
		};
		9AADBC82275BA612008FEECF /* PBXContainerItemProxy */ = {
			isa = PBXContainerItemProxy;
			containerPortal = 9AADBC59275BA610008FEECF /* Project object */;
			proxyType = 1;
			remoteGlobalIDString = 9AADBC60275BA610008FEECF;
			remoteInfo = Weather;
		};
/* End PBXContainerItemProxy section */

/* Begin PBXFileReference section */
		9AADBC61275BA610008FEECF /* Weather.app */ = {isa = PBXFileReference; explicitFileType = wrapper.application; includeInIndex = 0; path = Weather.app; sourceTree = BUILT_PRODUCTS_DIR; };
		9AADBC64275BA610008FEECF /* AppDelegate.swift */ = {isa = PBXFileReference; lastKnownFileType = sourcecode.swift; path = AppDelegate.swift; sourceTree = "<group>"; };
		9AADBC66275BA610008FEECF /* SceneDelegate.swift */ = {isa = PBXFileReference; lastKnownFileType = sourcecode.swift; path = SceneDelegate.swift; sourceTree = "<group>"; };
		9AADBC68275BA610008FEECF /* ViewController.swift */ = {isa = PBXFileReference; lastKnownFileType = sourcecode.swift; path = ViewController.swift; sourceTree = "<group>"; };
		9AADBC6B275BA610008FEECF /* Base */ = {isa = PBXFileReference; lastKnownFileType = file.storyboard; name = Base; path = Base.lproj/Main.storyboard; sourceTree = "<group>"; };
		9AADBC6D275BA612008FEECF /* Assets.xcassets */ = {isa = PBXFileReference; lastKnownFileType = folder.assetcatalog; path = Assets.xcassets; sourceTree = "<group>"; };
		9AADBC70275BA612008FEECF /* Base */ = {isa = PBXFileReference; lastKnownFileType = file.storyboard; name = Base; path = Base.lproj/LaunchScreen.storyboard; sourceTree = "<group>"; };
		9AADBC72275BA612008FEECF /* Info.plist */ = {isa = PBXFileReference; lastKnownFileType = text.plist.xml; path = Info.plist; sourceTree = "<group>"; };
		9AADBC77275BA612008FEECF /* WeatherTests.xctest */ = {isa = PBXFileReference; explicitFileType = wrapper.cfbundle; includeInIndex = 0; path = WeatherTests.xctest; sourceTree = BUILT_PRODUCTS_DIR; };
		9AADBC7B275BA612008FEECF /* WeatherTests.swift */ = {isa = PBXFileReference; lastKnownFileType = sourcecode.swift; path = WeatherTests.swift; sourceTree = "<group>"; };
		9AADBC81275BA612008FEECF /* WeatherUITests.xctest */ = {isa = PBXFileReference; explicitFileType = wrapper.cfbundle; includeInIndex = 0; path = WeatherUITests.xctest; sourceTree = BUILT_PRODUCTS_DIR; };
		9AADBC85275BA612008FEECF /* WeatherUITests.swift */ = {isa = PBXFileReference; lastKnownFileType = sourcecode.swift; path = WeatherUITests.swift; sourceTree = "<group>"; };
		9AADBC87275BA612008FEECF /* WeatherUITestsLaunchTests.swift */ = {isa = PBXFileReference; lastKnownFileType = sourcecode.swift; path = WeatherUITestsLaunchTests.swift; sourceTree = "<group>"; };
		9AADBC97275BC4A1008FEECF /* Weather.swift */ = {isa = PBXFileReference; lastKnownFileType = sourcecode.swift; path = Weather.swift; sourceTree = "<group>"; };
/* End PBXFileReference section */

/* Begin PBXFrameworksBuildPhase section */
		9AADBC5E275BA610008FEECF /* Frameworks */ = {
			isa = PBXFrameworksBuildPhase;
			buildActionMask = 2147483647;
			files = (
			);
			runOnlyForDeploymentPostprocessing = 0;
		};
		9AADBC74275BA612008FEECF /* Frameworks */ = {
			isa = PBXFrameworksBuildPhase;
			buildActionMask = 2147483647;
			files = (
			);
			runOnlyForDeploymentPostprocessing = 0;
		};
		9AADBC7E275BA612008FEECF /* Frameworks */ = {
			isa = PBXFrameworksBuildPhase;
			buildActionMask = 2147483647;
			files = (
			);
			runOnlyForDeploymentPostprocessing = 0;
		};
/* End PBXFrameworksBuildPhase section */

/* Begin PBXGroup section */
		9AADBC58275BA610008FEECF = {
			isa = PBXGroup;
			children = (
				9AADBC63275BA610008FEECF /* Weather */,
				9AADBC7A275BA612008FEECF /* WeatherTests */,
				9AADBC84275BA612008FEECF /* WeatherUITests */,
				9AADBC62275BA610008FEECF /* Products */,
			);
			sourceTree = "<group>";
		};
		9AADBC62275BA610008FEECF /* Products */ = {
			isa = PBXGroup;
			children = (
				9AADBC61275BA610008FEECF /* Weather.app */,
				9AADBC77275BA612008FEECF /* WeatherTests.xctest */,
				9AADBC81275BA612008FEECF /* WeatherUITests.xctest */,
			);
			name = Products;
			sourceTree = "<group>";
		};
		9AADBC63275BA610008FEECF /* Weather */ = {
			isa = PBXGroup;
			children = (
				9AADBC64275BA610008FEECF /* AppDelegate.swift */,
				9AADBC66275BA610008FEECF /* SceneDelegate.swift */,
				9AADBC99275BC4A7008FEECF /* Model */,
				9AADBC9A275BC4C5008FEECF /* View */,
				9AADBC96275BC468008FEECF /* Controller */,
				9AADBC6D275BA612008FEECF /* Assets.xcassets */,
				9AADBC6F275BA612008FEECF /* LaunchScreen.storyboard */,
				9AADBC72275BA612008FEECF /* Info.plist */,
			);
			path = Weather;
			sourceTree = "<group>";
		};
		9AADBC7A275BA612008FEECF /* WeatherTests */ = {
			isa = PBXGroup;
			children = (
				9AADBC7B275BA612008FEECF /* WeatherTests.swift */,
			);
			path = WeatherTests;
			sourceTree = "<group>";
		};
		9AADBC84275BA612008FEECF /* WeatherUITests */ = {
			isa = PBXGroup;
			children = (
				9AADBC85275BA612008FEECF /* WeatherUITests.swift */,
				9AADBC87275BA612008FEECF /* WeatherUITestsLaunchTests.swift */,
			);
			path = WeatherUITests;
			sourceTree = "<group>";
		};
		9AADBC96275BC468008FEECF /* Controller */ = {
			isa = PBXGroup;
			children = (
				9AADBC68275BA610008FEECF /* ViewController.swift */,
			);
			path = Controller;
			sourceTree = "<group>";
		};
		9AADBC99275BC4A7008FEECF /* Model */ = {
			isa = PBXGroup;
			children = (
				9AADBC97275BC4A1008FEECF /* Weather.swift */,
			);
			path = Model;
			sourceTree = "<group>";
		};
		9AADBC9A275BC4C5008FEECF /* View */ = {
			isa = PBXGroup;
			children = (
				9AADBC6A275BA610008FEECF /* Main.storyboard */,
			);
			path = View;
			sourceTree = "<group>";
		};
/* End PBXGroup section */

/* Begin PBXNativeTarget section */
		9AADBC60275BA610008FEECF /* Weather */ = {
			isa = PBXNativeTarget;
			buildConfigurationList = 9AADBC8B275BA612008FEECF /* Build configuration list for PBXNativeTarget "Weather" */;
			buildPhases = (
				9AADBC5D275BA610008FEECF /* Sources */,
				9AADBC5E275BA610008FEECF /* Frameworks */,
				9AADBC5F275BA610008FEECF /* Resources */,
			);
			buildRules = (
			);
			dependencies = (
			);
			name = Weather;
			productName = Weather;
			productReference = 9AADBC61275BA610008FEECF /* Weather.app */;
			productType = "com.apple.product-type.application";
		};
		9AADBC76275BA612008FEECF /* WeatherTests */ = {
			isa = PBXNativeTarget;
			buildConfigurationList = 9AADBC8E275BA612008FEECF /* Build configuration list for PBXNativeTarget "WeatherTests" */;
			buildPhases = (
				9AADBC73275BA612008FEECF /* Sources */,
				9AADBC74275BA612008FEECF /* Frameworks */,
				9AADBC75275BA612008FEECF /* Resources */,
			);
			buildRules = (
			);
			dependencies = (
				9AADBC79275BA612008FEECF /* PBXTargetDependency */,
			);
			name = WeatherTests;
			productName = WeatherTests;
			productReference = 9AADBC77275BA612008FEECF /* WeatherTests.xctest */;
			productType = "com.apple.product-type.bundle.unit-test";
		};
		9AADBC80275BA612008FEECF /* WeatherUITests */ = {
			isa = PBXNativeTarget;
			buildConfigurationList = 9AADBC91275BA612008FEECF /* Build configuration list for PBXNativeTarget "WeatherUITests" */;
			buildPhases = (
				9AADBC7D275BA612008FEECF /* Sources */,
				9AADBC7E275BA612008FEECF /* Frameworks */,
				9AADBC7F275BA612008FEECF /* Resources */,
			);
			buildRules = (
			);
			dependencies = (
				9AADBC83275BA612008FEECF /* PBXTargetDependency */,
			);
			name = WeatherUITests;
			productName = WeatherUITests;
			productReference = 9AADBC81275BA612008FEECF /* WeatherUITests.xctest */;
			productType = "com.apple.product-type.bundle.ui-testing";
		};
/* End PBXNativeTarget section */

/* Begin PBXProject section */
		9AADBC59275BA610008FEECF /* Project object */ = {
			isa = PBXProject;
			attributes = {
				BuildIndependentTargetsInParallel = 1;
				LastSwiftUpdateCheck = 1300;
				LastUpgradeCheck = 1300;
				TargetAttributes = {
					9AADBC60275BA610008FEECF = {
						CreatedOnToolsVersion = 13.0;
					};
					9AADBC76275BA612008FEECF = {
						CreatedOnToolsVersion = 13.0;
						TestTargetID = 9AADBC60275BA610008FEECF;
					};
					9AADBC80275BA612008FEECF = {
						CreatedOnToolsVersion = 13.0;
						TestTargetID = 9AADBC60275BA610008FEECF;
					};
				};
			};
			buildConfigurationList = 9AADBC5C275BA610008FEECF /* Build configuration list for PBXProject "Weather" */;
			compatibilityVersion = "Xcode 13.0";
			developmentRegion = en;
			hasScannedForEncodings = 0;
			knownRegions = (
				en,
				Base,
			);
			mainGroup = 9AADBC58275BA610008FEECF;
			productRefGroup = 9AADBC62275BA610008FEECF /* Products */;
			projectDirPath = "";
			projectRoot = "";
			targets = (
				9AADBC60275BA610008FEECF /* Weather */,
				9AADBC76275BA612008FEECF /* WeatherTests */,
				9AADBC80275BA612008FEECF /* WeatherUITests */,
			);
		};
/* End PBXProject section */

/* Begin PBXResourcesBuildPhase section */
		9AADBC5F275BA610008FEECF /* Resources */ = {
			isa = PBXResourcesBuildPhase;
			buildActionMask = 2147483647;
			files = (
				9AADBC71275BA612008FEECF /* LaunchScreen.storyboard in Resources */,
				9AADBC6E275BA612008FEECF /* Assets.xcassets in Resources */,
				9AADBC6C275BA610008FEECF /* Main.storyboard in Resources */,
			);
			runOnlyForDeploymentPostprocessing = 0;
		};
		9AADBC75275BA612008FEECF /* Resources */ = {
			isa = PBXResourcesBuildPhase;
			buildActionMask = 2147483647;
			files = (
			);
			runOnlyForDeploymentPostprocessing = 0;
		};
		9AADBC7F275BA612008FEECF /* Resources */ = {
			isa = PBXResourcesBuildPhase;
			buildActionMask = 2147483647;
			files = (
			);
			runOnlyForDeploymentPostprocessing = 0;
		};
/* End PBXResourcesBuildPhase section */

/* Begin PBXSourcesBuildPhase section */
		9AADBC5D275BA610008FEECF /* Sources */ = {
			isa = PBXSourcesBuildPhase;
			buildActionMask = 2147483647;
			files = (
				9AADBC98275BC4A1008FEECF /* Weather.swift in Sources */,
				9AADBC69275BA610008FEECF /* ViewController.swift in Sources */,
				9AADBC65275BA610008FEECF /* AppDelegate.swift in Sources */,
				9AADBC67275BA610008FEECF /* SceneDelegate.swift in Sources */,
			);
			runOnlyForDeploymentPostprocessing = 0;
		};
		9AADBC73275BA612008FEECF /* Sources */ = {
			isa = PBXSourcesBuildPhase;
			buildActionMask = 2147483647;
			files = (
				9AADBC7C275BA612008FEECF /* WeatherTests.swift in Sources */,
			);
			runOnlyForDeploymentPostprocessing = 0;
		};
		9AADBC7D275BA612008FEECF /* Sources */ = {
			isa = PBXSourcesBuildPhase;
			buildActionMask = 2147483647;
			files = (
				9AADBC86275BA612008FEECF /* WeatherUITests.swift in Sources */,
				9AADBC88275BA612008FEECF /* WeatherUITestsLaunchTests.swift in Sources */,
			);
			runOnlyForDeploymentPostprocessing = 0;
		};
/* End PBXSourcesBuildPhase section */

/* Begin PBXTargetDependency section */
		9AADBC79275BA612008FEECF /* PBXTargetDependency */ = {
			isa = PBXTargetDependency;
			target = 9AADBC60275BA610008FEECF /* Weather */;
			targetProxy = 9AADBC78275BA612008FEECF /* PBXContainerItemProxy */;
		};
		9AADBC83275BA612008FEECF /* PBXTargetDependency */ = {
			isa = PBXTargetDependency;
			target = 9AADBC60275BA610008FEECF /* Weather */;
			targetProxy = 9AADBC82275BA612008FEECF /* PBXContainerItemProxy */;
		};
/* End PBXTargetDependency section */

/* Begin PBXVariantGroup section */
		9AADBC6A275BA610008FEECF /* Main.storyboard */ = {
			isa = PBXVariantGroup;
			children = (
				9AADBC6B275BA610008FEECF /* Base */,
			);
			name = Main.storyboard;
			sourceTree = "<group>";
		};
		9AADBC6F275BA612008FEECF /* LaunchScreen.storyboard */ = {
			isa = PBXVariantGroup;
			children = (
				9AADBC70275BA612008FEECF /* Base */,
			);
			name = LaunchScreen.storyboard;
			sourceTree = "<group>";
		};
/* End PBXVariantGroup section */

/* Begin XCBuildConfiguration section */
		9AADBC89275BA612008FEECF /* Debug */ = {
			isa = XCBuildConfiguration;
			buildSettings = {
				ALWAYS_SEARCH_USER_PATHS = NO;
				CLANG_ANALYZER_NONNULL = YES;
				CLANG_ANALYZER_NUMBER_OBJECT_CONVERSION = YES_AGGRESSIVE;
				CLANG_CXX_LANGUAGE_STANDARD = "gnu++17";
				CLANG_CXX_LIBRARY = "libc++";
				CLANG_ENABLE_MODULES = YES;
				CLANG_ENABLE_OBJC_ARC = YES;
				CLANG_ENABLE_OBJC_WEAK = YES;
				CLANG_WARN_BLOCK_CAPTURE_AUTORELEASING = YES;
				CLANG_WARN_BOOL_CONVERSION = YES;
				CLANG_WARN_COMMA = YES;
				CLANG_WARN_CONSTANT_CONVERSION = YES;
				CLANG_WARN_DEPRECATED_OBJC_IMPLEMENTATIONS = YES;
				CLANG_WARN_DIRECT_OBJC_ISA_USAGE = YES_ERROR;
				CLANG_WARN_DOCUMENTATION_COMMENTS = YES;
				CLANG_WARN_EMPTY_BODY = YES;
				CLANG_WARN_ENUM_CONVERSION = YES;
				CLANG_WARN_INFINITE_RECURSION = YES;
				CLANG_WARN_INT_CONVERSION = YES;
				CLANG_WARN_NON_LITERAL_NULL_CONVERSION = YES;
				CLANG_WARN_OBJC_IMPLICIT_RETAIN_SELF = YES;
				CLANG_WARN_OBJC_LITERAL_CONVERSION = YES;
				CLANG_WARN_OBJC_ROOT_CLASS = YES_ERROR;
				CLANG_WARN_QUOTED_INCLUDE_IN_FRAMEWORK_HEADER = YES;
				CLANG_WARN_RANGE_LOOP_ANALYSIS = YES;
				CLANG_WARN_STRICT_PROTOTYPES = YES;
				CLANG_WARN_SUSPICIOUS_MOVE = YES;
				CLANG_WARN_UNGUARDED_AVAILABILITY = YES_AGGRESSIVE;
				CLANG_WARN_UNREACHABLE_CODE = YES;
				CLANG_WARN__DUPLICATE_METHOD_MATCH = YES;
				COPY_PHASE_STRIP = NO;
				DEBUG_INFORMATION_FORMAT = dwarf;
				ENABLE_STRICT_OBJC_MSGSEND = YES;
				ENABLE_TESTABILITY = YES;
				GCC_C_LANGUAGE_STANDARD = gnu11;
				GCC_DYNAMIC_NO_PIC = NO;
				GCC_NO_COMMON_BLOCKS = YES;
				GCC_OPTIMIZATION_LEVEL = 0;
				GCC_PREPROCESSOR_DEFINITIONS = (
					"DEBUG=1",
					"$(inherited)",
				);
				GCC_WARN_64_TO_32_BIT_CONVERSION = YES;
				GCC_WARN_ABOUT_RETURN_TYPE = YES_ERROR;
				GCC_WARN_UNDECLARED_SELECTOR = YES;
				GCC_WARN_UNINITIALIZED_AUTOS = YES_AGGRESSIVE;
				GCC_WARN_UNUSED_FUNCTION = YES;
				GCC_WARN_UNUSED_VARIABLE = YES;
				IPHONEOS_DEPLOYMENT_TARGET = 15.0;
				MTL_ENABLE_DEBUG_INFO = INCLUDE_SOURCE;
				MTL_FAST_MATH = YES;
				ONLY_ACTIVE_ARCH = YES;
				SDKROOT = iphoneos;
				SWIFT_ACTIVE_COMPILATION_CONDITIONS = DEBUG;
				SWIFT_OPTIMIZATION_LEVEL = "-Onone";
			};
			name = Debug;
		};
		9AADBC8A275BA612008FEECF /* Release */ = {
			isa = XCBuildConfiguration;
			buildSettings = {
				ALWAYS_SEARCH_USER_PATHS = NO;
				CLANG_ANALYZER_NONNULL = YES;
				CLANG_ANALYZER_NUMBER_OBJECT_CONVERSION = YES_AGGRESSIVE;
				CLANG_CXX_LANGUAGE_STANDARD = "gnu++17";
				CLANG_CXX_LIBRARY = "libc++";
				CLANG_ENABLE_MODULES = YES;
				CLANG_ENABLE_OBJC_ARC = YES;
				CLANG_ENABLE_OBJC_WEAK = YES;
				CLANG_WARN_BLOCK_CAPTURE_AUTORELEASING = YES;
				CLANG_WARN_BOOL_CONVERSION = YES;
				CLANG_WARN_COMMA = YES;
				CLANG_WARN_CONSTANT_CONVERSION = YES;
				CLANG_WARN_DEPRECATED_OBJC_IMPLEMENTATIONS = YES;
				CLANG_WARN_DIRECT_OBJC_ISA_USAGE = YES_ERROR;
				CLANG_WARN_DOCUMENTATION_COMMENTS = YES;
				CLANG_WARN_EMPTY_BODY = YES;
				CLANG_WARN_ENUM_CONVERSION = YES;
				CLANG_WARN_INFINITE_RECURSION = YES;
				CLANG_WARN_INT_CONVERSION = YES;
				CLANG_WARN_NON_LITERAL_NULL_CONVERSION = YES;
				CLANG_WARN_OBJC_IMPLICIT_RETAIN_SELF = YES;
				CLANG_WARN_OBJC_LITERAL_CONVERSION = YES;
				CLANG_WARN_OBJC_ROOT_CLASS = YES_ERROR;
				CLANG_WARN_QUOTED_INCLUDE_IN_FRAMEWORK_HEADER = YES;
				CLANG_WARN_RANGE_LOOP_ANALYSIS = YES;
				CLANG_WARN_STRICT_PROTOTYPES = YES;
				CLANG_WARN_SUSPICIOUS_MOVE = YES;
				CLANG_WARN_UNGUARDED_AVAILABILITY = YES_AGGRESSIVE;
				CLANG_WARN_UNREACHABLE_CODE = YES;
				CLANG_WARN__DUPLICATE_METHOD_MATCH = YES;
				COPY_PHASE_STRIP = NO;
				DEBUG_INFORMATION_FORMAT = "dwarf-with-dsym";
				ENABLE_NS_ASSERTIONS = NO;
				ENABLE_STRICT_OBJC_MSGSEND = YES;
				GCC_C_LANGUAGE_STANDARD = gnu11;
				GCC_NO_COMMON_BLOCKS = YES;
				GCC_WARN_64_TO_32_BIT_CONVERSION = YES;
				GCC_WARN_ABOUT_RETURN_TYPE = YES_ERROR;
				GCC_WARN_UNDECLARED_SELECTOR = YES;
				GCC_WARN_UNINITIALIZED_AUTOS = YES_AGGRESSIVE;
				GCC_WARN_UNUSED_FUNCTION = YES;
				GCC_WARN_UNUSED_VARIABLE = YES;
				IPHONEOS_DEPLOYMENT_TARGET = 15.0;
				MTL_ENABLE_DEBUG_INFO = NO;
				MTL_FAST_MATH = YES;
				SDKROOT = iphoneos;
				SWIFT_COMPILATION_MODE = wholemodule;
				SWIFT_OPTIMIZATION_LEVEL = "-O";
				VALIDATE_PRODUCT = YES;
			};
			name = Release;
		};
		9AADBC8C275BA612008FEECF /* Debug */ = {
			isa = XCBuildConfiguration;
			buildSettings = {
				ASSETCATALOG_COMPILER_APPICON_NAME = AppIcon;
				ASSETCATALOG_COMPILER_GLOBAL_ACCENT_COLOR_NAME = AccentColor;
				CODE_SIGN_STYLE = Automatic;
				CURRENT_PROJECT_VERSION = 1;
				GENERATE_INFOPLIST_FILE = YES;
				INFOPLIST_FILE = Weather/Info.plist;
				INFOPLIST_KEY_UIApplicationSupportsIndirectInputEvents = YES;
				INFOPLIST_KEY_UILaunchStoryboardName = LaunchScreen;
				INFOPLIST_KEY_UIMainStoryboardFile = Main;
				INFOPLIST_KEY_UISupportedInterfaceOrientations_iPad = "UIInterfaceOrientationPortrait UIInterfaceOrientationPortraitUpsideDown UIInterfaceOrientationLandscapeLeft UIInterfaceOrientationLandscapeRight";
				INFOPLIST_KEY_UISupportedInterfaceOrientations_iPhone = "UIInterfaceOrientationPortrait UIInterfaceOrientationLandscapeLeft UIInterfaceOrientationLandscapeRight";
				LD_RUNPATH_SEARCH_PATHS = (
					"$(inherited)",
					"@executable_path/Frameworks",
				);
				MARKETING_VERSION = 1.0;
				PRODUCT_BUNDLE_IDENTIFIER = "tuwaiq-iosa.Weather";
				PRODUCT_NAME = "$(TARGET_NAME)";
				SWIFT_EMIT_LOC_STRINGS = YES;
				SWIFT_VERSION = 5.0;
				TARGETED_DEVICE_FAMILY = "1,2";
			};
			name = Debug;
		};
		9AADBC8D275BA612008FEECF /* Release */ = {
			isa = XCBuildConfiguration;
			buildSettings = {
				ASSETCATALOG_COMPILER_APPICON_NAME = AppIcon;
				ASSETCATALOG_COMPILER_GLOBAL_ACCENT_COLOR_NAME = AccentColor;
				CODE_SIGN_STYLE = Automatic;
				CURRENT_PROJECT_VERSION = 1;
				GENERATE_INFOPLIST_FILE = YES;
				INFOPLIST_FILE = Weather/Info.plist;
				INFOPLIST_KEY_UIApplicationSupportsIndirectInputEvents = YES;
				INFOPLIST_KEY_UILaunchStoryboardName = LaunchScreen;
				INFOPLIST_KEY_UIMainStoryboardFile = Main;
				INFOPLIST_KEY_UISupportedInterfaceOrientations_iPad = "UIInterfaceOrientationPortrait UIInterfaceOrientationPortraitUpsideDown UIInterfaceOrientationLandscapeLeft UIInterfaceOrientationLandscapeRight";
				INFOPLIST_KEY_UISupportedInterfaceOrientations_iPhone = "UIInterfaceOrientationPortrait UIInterfaceOrientationLandscapeLeft UIInterfaceOrientationLandscapeRight";
				LD_RUNPATH_SEARCH_PATHS = (
					"$(inherited)",
					"@executable_path/Frameworks",
				);
				MARKETING_VERSION = 1.0;
				PRODUCT_BUNDLE_IDENTIFIER = "tuwaiq-iosa.Weather";
				PRODUCT_NAME = "$(TARGET_NAME)";
				SWIFT_EMIT_LOC_STRINGS = YES;
				SWIFT_VERSION = 5.0;
				TARGETED_DEVICE_FAMILY = "1,2";
			};
			name = Release;
		};
		9AADBC8F275BA612008FEECF /* Debug */ = {
			isa = XCBuildConfiguration;
			buildSettings = {
				ALWAYS_EMBED_SWIFT_STANDARD_LIBRARIES = YES;
				BUNDLE_LOADER = "$(TEST_HOST)";
				CODE_SIGN_STYLE = Automatic;
				CURRENT_PROJECT_VERSION = 1;
				GENERATE_INFOPLIST_FILE = YES;
				IPHONEOS_DEPLOYMENT_TARGET = 15.0;
				LD_RUNPATH_SEARCH_PATHS = (
					"$(inherited)",
					"@executable_path/Frameworks",
					"@loader_path/Frameworks",
				);
				MARKETING_VERSION = 1.0;
				PRODUCT_BUNDLE_IDENTIFIER = "tuwaiq-iosa.WeatherTests";
				PRODUCT_NAME = "$(TARGET_NAME)";
				SWIFT_EMIT_LOC_STRINGS = NO;
				SWIFT_VERSION = 5.0;
				TARGETED_DEVICE_FAMILY = "1,2";
				TEST_HOST = "$(BUILT_PRODUCTS_DIR)/Weather.app/Weather";
			};
			name = Debug;
		};
		9AADBC90275BA612008FEECF /* Release */ = {
			isa = XCBuildConfiguration;
			buildSettings = {
				ALWAYS_EMBED_SWIFT_STANDARD_LIBRARIES = YES;
				BUNDLE_LOADER = "$(TEST_HOST)";
				CODE_SIGN_STYLE = Automatic;
				CURRENT_PROJECT_VERSION = 1;
				GENERATE_INFOPLIST_FILE = YES;
				IPHONEOS_DEPLOYMENT_TARGET = 15.0;
				LD_RUNPATH_SEARCH_PATHS = (
					"$(inherited)",
					"@executable_path/Frameworks",
					"@loader_path/Frameworks",
				);
				MARKETING_VERSION = 1.0;
				PRODUCT_BUNDLE_IDENTIFIER = "tuwaiq-iosa.WeatherTests";
				PRODUCT_NAME = "$(TARGET_NAME)";
				SWIFT_EMIT_LOC_STRINGS = NO;
				SWIFT_VERSION = 5.0;
				TARGETED_DEVICE_FAMILY = "1,2";
				TEST_HOST = "$(BUILT_PRODUCTS_DIR)/Weather.app/Weather";
			};
			name = Release;
		};
		9AADBC92275BA612008FEECF /* Debug */ = {
			isa = XCBuildConfiguration;
			buildSettings = {
				ALWAYS_EMBED_SWIFT_STANDARD_LIBRARIES = YES;
				CODE_SIGN_STYLE = Automatic;
				CURRENT_PROJECT_VERSION = 1;
				GENERATE_INFOPLIST_FILE = YES;
				LD_RUNPATH_SEARCH_PATHS = (
					"$(inherited)",
					"@executable_path/Frameworks",
					"@loader_path/Frameworks",
				);
				MARKETING_VERSION = 1.0;
				PRODUCT_BUNDLE_IDENTIFIER = "tuwaiq-iosa.WeatherUITests";
				PRODUCT_NAME = "$(TARGET_NAME)";
				SWIFT_EMIT_LOC_STRINGS = NO;
				SWIFT_VERSION = 5.0;
				TARGETED_DEVICE_FAMILY = "1,2";
				TEST_TARGET_NAME = Weather;
			};
			name = Debug;
		};
		9AADBC93275BA612008FEECF /* Release */ = {
			isa = XCBuildConfiguration;
			buildSettings = {
				ALWAYS_EMBED_SWIFT_STANDARD_LIBRARIES = YES;
				CODE_SIGN_STYLE = Automatic;
				CURRENT_PROJECT_VERSION = 1;
				GENERATE_INFOPLIST_FILE = YES;
				LD_RUNPATH_SEARCH_PATHS = (
					"$(inherited)",
					"@executable_path/Frameworks",
					"@loader_path/Frameworks",
				);
				MARKETING_VERSION = 1.0;
				PRODUCT_BUNDLE_IDENTIFIER = "tuwaiq-iosa.WeatherUITests";
				PRODUCT_NAME = "$(TARGET_NAME)";
				SWIFT_EMIT_LOC_STRINGS = NO;
				SWIFT_VERSION = 5.0;
				TARGETED_DEVICE_FAMILY = "1,2";
				TEST_TARGET_NAME = Weather;
			};
			name = Release;
		};
/* End XCBuildConfiguration section */

/* Begin XCConfigurationList section */
		9AADBC5C275BA610008FEECF /* Build configuration list for PBXProject "Weather" */ = {
			isa = XCConfigurationList;
			buildConfigurations = (
				9AADBC89275BA612008FEECF /* Debug */,
				9AADBC8A275BA612008FEECF /* Release */,
			);
			defaultConfigurationIsVisible = 0;
			defaultConfigurationName = Release;
		};
		9AADBC8B275BA612008FEECF /* Build configuration list for PBXNativeTarget "Weather" */ = {
			isa = XCConfigurationList;
			buildConfigurations = (
				9AADBC8C275BA612008FEECF /* Debug */,
				9AADBC8D275BA612008FEECF /* Release */,
			);
			defaultConfigurationIsVisible = 0;
			defaultConfigurationName = Release;
		};
		9AADBC8E275BA612008FEECF /* Build configuration list for PBXNativeTarget "WeatherTests" */ = {
			isa = XCConfigurationList;
			buildConfigurations = (
				9AADBC8F275BA612008FEECF /* Debug */,
				9AADBC90275BA612008FEECF /* Release */,
			);
			defaultConfigurationIsVisible = 0;
			defaultConfigurationName = Release;
		};
		9AADBC91275BA612008FEECF /* Build configuration list for PBXNativeTarget "WeatherUITests" */ = {
			isa = XCConfigurationList;
			buildConfigurations = (
				9AADBC92275BA612008FEECF /* Debug */,
				9AADBC93275BA612008FEECF /* Release */,
			);
			defaultConfigurationIsVisible = 0;
			defaultConfigurationName = Release;
		};
/* End XCConfigurationList section */
	};
	rootObject = 9AADBC59275BA610008FEECF /* Project object */;
}
