// !$*UTF8*$!
{
	archiveVersion = 1;
	classes = {
	};
	objectVersion = 55;
	objects = {

/* Begin PBXBuildFile section */
		45F3EAD027675D7E00FCB71D /* AppDelegate.swift in Sources */ = {isa = PBXBuildFile; fileRef = 45F3EACF27675D7E00FCB71D /* AppDelegate.swift */; };
		45F3EAD227675D7E00FCB71D /* SceneDelegate.swift in Sources */ = {isa = PBXBuildFile; fileRef = 45F3EAD127675D7E00FCB71D /* SceneDelegate.swift */; };
		45F3EAD427675D7E00FCB71D /* ViewController.swift in Sources */ = {isa = PBXBuildFile; fileRef = 45F3EAD327675D7E00FCB71D /* ViewController.swift */; };
		45F3EAD727675D7E00FCB71D /* Main.storyboard in Resources */ = {isa = PBXBuildFile; fileRef = 45F3EAD527675D7E00FCB71D /* Main.storyboard */; };
		45F3EAD927675D8000FCB71D /* Assets.xcassets in Resources */ = {isa = PBXBuildFile; fileRef = 45F3EAD827675D8000FCB71D /* Assets.xcassets */; };
		45F3EADC27675D8000FCB71D /* LaunchScreen.storyboard in Resources */ = {isa = PBXBuildFile; fileRef = 45F3EADA27675D8000FCB71D /* LaunchScreen.storyboard */; };
		45F3EAE727675D8000FCB71D /* JazanWeatherTests.swift in Sources */ = {isa = PBXBuildFile; fileRef = 45F3EAE627675D8000FCB71D /* JazanWeatherTests.swift */; };
		45F3EAF127675D8000FCB71D /* JazanWeatherUITests.swift in Sources */ = {isa = PBXBuildFile; fileRef = 45F3EAF027675D8000FCB71D /* JazanWeatherUITests.swift */; };
		45F3EAF327675D8000FCB71D /* JazanWeatherUITestsLaunchTests.swift in Sources */ = {isa = PBXBuildFile; fileRef = 45F3EAF227675D8000FCB71D /* JazanWeatherUITestsLaunchTests.swift */; };
		45F3EB02276773BB00FCB71D /* manager.swift in Sources */ = {isa = PBXBuildFile; fileRef = 45F3EB01276773BB00FCB71D /* manager.swift */; };
/* End PBXBuildFile section */

/* Begin PBXContainerItemProxy section */
		45F3EAE327675D8000FCB71D /* PBXContainerItemProxy */ = {
			isa = PBXContainerItemProxy;
			containerPortal = 45F3EAC427675D7E00FCB71D /* Project object */;
			proxyType = 1;
			remoteGlobalIDString = 45F3EACB27675D7E00FCB71D;
			remoteInfo = JazanWeather;
		};
		45F3EAED27675D8000FCB71D /* PBXContainerItemProxy */ = {
			isa = PBXContainerItemProxy;
			containerPortal = 45F3EAC427675D7E00FCB71D /* Project object */;
			proxyType = 1;
			remoteGlobalIDString = 45F3EACB27675D7E00FCB71D;
			remoteInfo = JazanWeather;
		};
/* End PBXContainerItemProxy section */

/* Begin PBXFileReference section */
		45F3EACC27675D7E00FCB71D /* JazanWeather.app */ = {isa = PBXFileReference; explicitFileType = wrapper.application; includeInIndex = 0; path = JazanWeather.app; sourceTree = BUILT_PRODUCTS_DIR; };
		45F3EACF27675D7E00FCB71D /* AppDelegate.swift */ = {isa = PBXFileReference; lastKnownFileType = sourcecode.swift; path = AppDelegate.swift; sourceTree = "<group>"; };
		45F3EAD127675D7E00FCB71D /* SceneDelegate.swift */ = {isa = PBXFileReference; lastKnownFileType = sourcecode.swift; path = SceneDelegate.swift; sourceTree = "<group>"; };
		45F3EAD327675D7E00FCB71D /* ViewController.swift */ = {isa = PBXFileReference; lastKnownFileType = sourcecode.swift; path = ViewController.swift; sourceTree = "<group>"; };
		45F3EAD627675D7E00FCB71D /* Base */ = {isa = PBXFileReference; lastKnownFileType = file.storyboard; name = Base; path = Base.lproj/Main.storyboard; sourceTree = "<group>"; };
		45F3EAD827675D8000FCB71D /* Assets.xcassets */ = {isa = PBXFileReference; lastKnownFileType = folder.assetcatalog; path = Assets.xcassets; sourceTree = "<group>"; };
		45F3EADB27675D8000FCB71D /* Base */ = {isa = PBXFileReference; lastKnownFileType = file.storyboard; name = Base; path = Base.lproj/LaunchScreen.storyboard; sourceTree = "<group>"; };
		45F3EADD27675D8000FCB71D /* Info.plist */ = {isa = PBXFileReference; lastKnownFileType = text.plist.xml; path = Info.plist; sourceTree = "<group>"; };
		45F3EAE227675D8000FCB71D /* JazanWeatherTests.xctest */ = {isa = PBXFileReference; explicitFileType = wrapper.cfbundle; includeInIndex = 0; path = JazanWeatherTests.xctest; sourceTree = BUILT_PRODUCTS_DIR; };
		45F3EAE627675D8000FCB71D /* JazanWeatherTests.swift */ = {isa = PBXFileReference; lastKnownFileType = sourcecode.swift; path = JazanWeatherTests.swift; sourceTree = "<group>"; };
		45F3EAEC27675D8000FCB71D /* JazanWeatherUITests.xctest */ = {isa = PBXFileReference; explicitFileType = wrapper.cfbundle; includeInIndex = 0; path = JazanWeatherUITests.xctest; sourceTree = BUILT_PRODUCTS_DIR; };
		45F3EAF027675D8000FCB71D /* JazanWeatherUITests.swift */ = {isa = PBXFileReference; lastKnownFileType = sourcecode.swift; path = JazanWeatherUITests.swift; sourceTree = "<group>"; };
		45F3EAF227675D8000FCB71D /* JazanWeatherUITestsLaunchTests.swift */ = {isa = PBXFileReference; lastKnownFileType = sourcecode.swift; path = JazanWeatherUITestsLaunchTests.swift; sourceTree = "<group>"; };
		45F3EB01276773BB00FCB71D /* manager.swift */ = {isa = PBXFileReference; lastKnownFileType = sourcecode.swift; path = manager.swift; sourceTree = "<group>"; };
/* End PBXFileReference section */

/* Begin PBXFrameworksBuildPhase section */
		45F3EAC927675D7E00FCB71D /* Frameworks */ = {
			isa = PBXFrameworksBuildPhase;
			buildActionMask = 2147483647;
			files = (
			);
			runOnlyForDeploymentPostprocessing = 0;
		};
		45F3EADF27675D8000FCB71D /* Frameworks */ = {
			isa = PBXFrameworksBuildPhase;
			buildActionMask = 2147483647;
			files = (
			);
			runOnlyForDeploymentPostprocessing = 0;
		};
		45F3EAE927675D8000FCB71D /* Frameworks */ = {
			isa = PBXFrameworksBuildPhase;
			buildActionMask = 2147483647;
			files = (
			);
			runOnlyForDeploymentPostprocessing = 0;
		};
/* End PBXFrameworksBuildPhase section */

/* Begin PBXGroup section */
		45F3EAC327675D7E00FCB71D = {
			isa = PBXGroup;
			children = (
				45F3EACE27675D7E00FCB71D /* JazanWeather */,
				45F3EAE527675D8000FCB71D /* JazanWeatherTests */,
				45F3EAEF27675D8000FCB71D /* JazanWeatherUITests */,
				45F3EACD27675D7E00FCB71D /* Products */,
			);
			sourceTree = "<group>";
		};
		45F3EACD27675D7E00FCB71D /* Products */ = {
			isa = PBXGroup;
			children = (
				45F3EACC27675D7E00FCB71D /* JazanWeather.app */,
				45F3EAE227675D8000FCB71D /* JazanWeatherTests.xctest */,
				45F3EAEC27675D8000FCB71D /* JazanWeatherUITests.xctest */,
			);
			name = Products;
			sourceTree = "<group>";
		};
		45F3EACE27675D7E00FCB71D /* JazanWeather */ = {
			isa = PBXGroup;
			children = (
				45F3EACF27675D7E00FCB71D /* AppDelegate.swift */,
				45F3EAD127675D7E00FCB71D /* SceneDelegate.swift */,
				45F3EAD327675D7E00FCB71D /* ViewController.swift */,
				45F3EB01276773BB00FCB71D /* manager.swift */,
				45F3EAD527675D7E00FCB71D /* Main.storyboard */,
				45F3EAD827675D8000FCB71D /* Assets.xcassets */,
				45F3EADA27675D8000FCB71D /* LaunchScreen.storyboard */,
				45F3EADD27675D8000FCB71D /* Info.plist */,
			);
			path = JazanWeather;
			sourceTree = "<group>";
		};
		45F3EAE527675D8000FCB71D /* JazanWeatherTests */ = {
			isa = PBXGroup;
			children = (
				45F3EAE627675D8000FCB71D /* JazanWeatherTests.swift */,
			);
			path = JazanWeatherTests;
			sourceTree = "<group>";
		};
		45F3EAEF27675D8000FCB71D /* JazanWeatherUITests */ = {
			isa = PBXGroup;
			children = (
				45F3EAF027675D8000FCB71D /* JazanWeatherUITests.swift */,
				45F3EAF227675D8000FCB71D /* JazanWeatherUITestsLaunchTests.swift */,
			);
			path = JazanWeatherUITests;
			sourceTree = "<group>";
		};
/* End PBXGroup section */

/* Begin PBXNativeTarget section */
		45F3EACB27675D7E00FCB71D /* JazanWeather */ = {
			isa = PBXNativeTarget;
			buildConfigurationList = 45F3EAF627675D8000FCB71D /* Build configuration list for PBXNativeTarget "JazanWeather" */;
			buildPhases = (
				45F3EAC827675D7E00FCB71D /* Sources */,
				45F3EAC927675D7E00FCB71D /* Frameworks */,
				45F3EACA27675D7E00FCB71D /* Resources */,
			);
			buildRules = (
			);
			dependencies = (
			);
			name = JazanWeather;
			productName = JazanWeather;
			productReference = 45F3EACC27675D7E00FCB71D /* JazanWeather.app */;
			productType = "com.apple.product-type.application";
		};
		45F3EAE127675D8000FCB71D /* JazanWeatherTests */ = {
			isa = PBXNativeTarget;
			buildConfigurationList = 45F3EAF927675D8000FCB71D /* Build configuration list for PBXNativeTarget "JazanWeatherTests" */;
			buildPhases = (
				45F3EADE27675D8000FCB71D /* Sources */,
				45F3EADF27675D8000FCB71D /* Frameworks */,
				45F3EAE027675D8000FCB71D /* Resources */,
			);
			buildRules = (
			);
			dependencies = (
				45F3EAE427675D8000FCB71D /* PBXTargetDependency */,
			);
			name = JazanWeatherTests;
			productName = JazanWeatherTests;
			productReference = 45F3EAE227675D8000FCB71D /* JazanWeatherTests.xctest */;
			productType = "com.apple.product-type.bundle.unit-test";
		};
		45F3EAEB27675D8000FCB71D /* JazanWeatherUITests */ = {
			isa = PBXNativeTarget;
			buildConfigurationList = 45F3EAFC27675D8000FCB71D /* Build configuration list for PBXNativeTarget "JazanWeatherUITests" */;
			buildPhases = (
				45F3EAE827675D8000FCB71D /* Sources */,
				45F3EAE927675D8000FCB71D /* Frameworks */,
				45F3EAEA27675D8000FCB71D /* Resources */,
			);
			buildRules = (
			);
			dependencies = (
				45F3EAEE27675D8000FCB71D /* PBXTargetDependency */,
			);
			name = JazanWeatherUITests;
			productName = JazanWeatherUITests;
			productReference = 45F3EAEC27675D8000FCB71D /* JazanWeatherUITests.xctest */;
			productType = "com.apple.product-type.bundle.ui-testing";
		};
/* End PBXNativeTarget section */

/* Begin PBXProject section */
		45F3EAC427675D7E00FCB71D /* Project object */ = {
			isa = PBXProject;
			attributes = {
				BuildIndependentTargetsInParallel = 1;
				LastSwiftUpdateCheck = 1300;
				LastUpgradeCheck = 1300;
				TargetAttributes = {
					45F3EACB27675D7E00FCB71D = {
						CreatedOnToolsVersion = 13.0;
					};
					45F3EAE127675D8000FCB71D = {
						CreatedOnToolsVersion = 13.0;
						TestTargetID = 45F3EACB27675D7E00FCB71D;
					};
					45F3EAEB27675D8000FCB71D = {
						CreatedOnToolsVersion = 13.0;
						TestTargetID = 45F3EACB27675D7E00FCB71D;
					};
				};
			};
			buildConfigurationList = 45F3EAC727675D7E00FCB71D /* Build configuration list for PBXProject "JazanWeather" */;
			compatibilityVersion = "Xcode 13.0";
			developmentRegion = en;
			hasScannedForEncodings = 0;
			knownRegions = (
				en,
				Base,
			);
			mainGroup = 45F3EAC327675D7E00FCB71D;
			productRefGroup = 45F3EACD27675D7E00FCB71D /* Products */;
			projectDirPath = "";
			projectRoot = "";
			targets = (
				45F3EACB27675D7E00FCB71D /* JazanWeather */,
				45F3EAE127675D8000FCB71D /* JazanWeatherTests */,
				45F3EAEB27675D8000FCB71D /* JazanWeatherUITests */,
			);
		};
/* End PBXProject section */

/* Begin PBXResourcesBuildPhase section */
		45F3EACA27675D7E00FCB71D /* Resources */ = {
			isa = PBXResourcesBuildPhase;
			buildActionMask = 2147483647;
			files = (
				45F3EADC27675D8000FCB71D /* LaunchScreen.storyboard in Resources */,
				45F3EAD927675D8000FCB71D /* Assets.xcassets in Resources */,
				45F3EAD727675D7E00FCB71D /* Main.storyboard in Resources */,
			);
			runOnlyForDeploymentPostprocessing = 0;
		};
		45F3EAE027675D8000FCB71D /* Resources */ = {
			isa = PBXResourcesBuildPhase;
			buildActionMask = 2147483647;
			files = (
			);
			runOnlyForDeploymentPostprocessing = 0;
		};
		45F3EAEA27675D8000FCB71D /* Resources */ = {
			isa = PBXResourcesBuildPhase;
			buildActionMask = 2147483647;
			files = (
			);
			runOnlyForDeploymentPostprocessing = 0;
		};
/* End PBXResourcesBuildPhase section */

/* Begin PBXSourcesBuildPhase section */
		45F3EAC827675D7E00FCB71D /* Sources */ = {
			isa = PBXSourcesBuildPhase;
			buildActionMask = 2147483647;
			files = (
				45F3EAD427675D7E00FCB71D /* ViewController.swift in Sources */,
				45F3EB02276773BB00FCB71D /* manager.swift in Sources */,
				45F3EAD027675D7E00FCB71D /* AppDelegate.swift in Sources */,
				45F3EAD227675D7E00FCB71D /* SceneDelegate.swift in Sources */,
			);
			runOnlyForDeploymentPostprocessing = 0;
		};
		45F3EADE27675D8000FCB71D /* Sources */ = {
			isa = PBXSourcesBuildPhase;
			buildActionMask = 2147483647;
			files = (
				45F3EAE727675D8000FCB71D /* JazanWeatherTests.swift in Sources */,
			);
			runOnlyForDeploymentPostprocessing = 0;
		};
		45F3EAE827675D8000FCB71D /* Sources */ = {
			isa = PBXSourcesBuildPhase;
			buildActionMask = 2147483647;
			files = (
				45F3EAF327675D8000FCB71D /* JazanWeatherUITestsLaunchTests.swift in Sources */,
				45F3EAF127675D8000FCB71D /* JazanWeatherUITests.swift in Sources */,
			);
			runOnlyForDeploymentPostprocessing = 0;
		};
/* End PBXSourcesBuildPhase section */

/* Begin PBXTargetDependency section */
		45F3EAE427675D8000FCB71D /* PBXTargetDependency */ = {
			isa = PBXTargetDependency;
			target = 45F3EACB27675D7E00FCB71D /* JazanWeather */;
			targetProxy = 45F3EAE327675D8000FCB71D /* PBXContainerItemProxy */;
		};
		45F3EAEE27675D8000FCB71D /* PBXTargetDependency */ = {
			isa = PBXTargetDependency;
			target = 45F3EACB27675D7E00FCB71D /* JazanWeather */;
			targetProxy = 45F3EAED27675D8000FCB71D /* PBXContainerItemProxy */;
		};
/* End PBXTargetDependency section */

/* Begin PBXVariantGroup section */
		45F3EAD527675D7E00FCB71D /* Main.storyboard */ = {
			isa = PBXVariantGroup;
			children = (
				45F3EAD627675D7E00FCB71D /* Base */,
			);
			name = Main.storyboard;
			sourceTree = "<group>";
		};
		45F3EADA27675D8000FCB71D /* LaunchScreen.storyboard */ = {
			isa = PBXVariantGroup;
			children = (
				45F3EADB27675D8000FCB71D /* Base */,
			);
			name = LaunchScreen.storyboard;
			sourceTree = "<group>";
		};
/* End PBXVariantGroup section */

/* Begin XCBuildConfiguration section */
		45F3EAF427675D8000FCB71D /* Debug */ = {
			isa = XCBuildConfiguration;
			buildSettings = {
				ALWAYS_SEARCH_USER_PATHS = NO;
				CLANG_ANALYZER_NONNULL = YES;
				CLANG_ANALYZER_NUMBER_OBJECT_CONVERSION = YES_AGGRESSIVE;
				CLANG_CXX_LANGUAGE_STANDARD = "gnu++17";
				CLANG_CXX_LIBRARY = "libc++";
				CLANG_ENABLE_MODULES = YES;
				CLANG_ENABLE_OBJC_ARC = YES;
				CLANG_ENABLE_OBJC_WEAK = YES;
				CLANG_WARN_BLOCK_CAPTURE_AUTORELEASING = YES;
				CLANG_WARN_BOOL_CONVERSION = YES;
				CLANG_WARN_COMMA = YES;
				CLANG_WARN_CONSTANT_CONVERSION = YES;
				CLANG_WARN_DEPRECATED_OBJC_IMPLEMENTATIONS = YES;
				CLANG_WARN_DIRECT_OBJC_ISA_USAGE = YES_ERROR;
				CLANG_WARN_DOCUMENTATION_COMMENTS = YES;
				CLANG_WARN_EMPTY_BODY = YES;
				CLANG_WARN_ENUM_CONVERSION = YES;
				CLANG_WARN_INFINITE_RECURSION = YES;
				CLANG_WARN_INT_CONVERSION = YES;
				CLANG_WARN_NON_LITERAL_NULL_CONVERSION = YES;
				CLANG_WARN_OBJC_IMPLICIT_RETAIN_SELF = YES;
				CLANG_WARN_OBJC_LITERAL_CONVERSION = YES;
				CLANG_WARN_OBJC_ROOT_CLASS = YES_ERROR;
				CLANG_WARN_QUOTED_INCLUDE_IN_FRAMEWORK_HEADER = YES;
				CLANG_WARN_RANGE_LOOP_ANALYSIS = YES;
				CLANG_WARN_STRICT_PROTOTYPES = YES;
				CLANG_WARN_SUSPICIOUS_MOVE = YES;
				CLANG_WARN_UNGUARDED_AVAILABILITY = YES_AGGRESSIVE;
				CLANG_WARN_UNREACHABLE_CODE = YES;
				CLANG_WARN__DUPLICATE_METHOD_MATCH = YES;
				COPY_PHASE_STRIP = NO;
				DEBUG_INFORMATION_FORMAT = dwarf;
				ENABLE_STRICT_OBJC_MSGSEND = YES;
				ENABLE_TESTABILITY = YES;
				GCC_C_LANGUAGE_STANDARD = gnu11;
				GCC_DYNAMIC_NO_PIC = NO;
				GCC_NO_COMMON_BLOCKS = YES;
				GCC_OPTIMIZATION_LEVEL = 0;
				GCC_PREPROCESSOR_DEFINITIONS = (
					"DEBUG=1",
					"$(inherited)",
				);
				GCC_WARN_64_TO_32_BIT_CONVERSION = YES;
				GCC_WARN_ABOUT_RETURN_TYPE = YES_ERROR;
				GCC_WARN_UNDECLARED_SELECTOR = YES;
				GCC_WARN_UNINITIALIZED_AUTOS = YES_AGGRESSIVE;
				GCC_WARN_UNUSED_FUNCTION = YES;
				GCC_WARN_UNUSED_VARIABLE = YES;
				IPHONEOS_DEPLOYMENT_TARGET = 15.0;
				MTL_ENABLE_DEBUG_INFO = INCLUDE_SOURCE;
				MTL_FAST_MATH = YES;
				ONLY_ACTIVE_ARCH = YES;
				SDKROOT = iphoneos;
				SWIFT_ACTIVE_COMPILATION_CONDITIONS = DEBUG;
				SWIFT_OPTIMIZATION_LEVEL = "-Onone";
			};
			name = Debug;
		};
		45F3EAF527675D8000FCB71D /* Release */ = {
			isa = XCBuildConfiguration;
			buildSettings = {
				ALWAYS_SEARCH_USER_PATHS = NO;
				CLANG_ANALYZER_NONNULL = YES;
				CLANG_ANALYZER_NUMBER_OBJECT_CONVERSION = YES_AGGRESSIVE;
				CLANG_CXX_LANGUAGE_STANDARD = "gnu++17";
				CLANG_CXX_LIBRARY = "libc++";
				CLANG_ENABLE_MODULES = YES;
				CLANG_ENABLE_OBJC_ARC = YES;
				CLANG_ENABLE_OBJC_WEAK = YES;
				CLANG_WARN_BLOCK_CAPTURE_AUTORELEASING = YES;
				CLANG_WARN_BOOL_CONVERSION = YES;
				CLANG_WARN_COMMA = YES;
				CLANG_WARN_CONSTANT_CONVERSION = YES;
				CLANG_WARN_DEPRECATED_OBJC_IMPLEMENTATIONS = YES;
				CLANG_WARN_DIRECT_OBJC_ISA_USAGE = YES_ERROR;
				CLANG_WARN_DOCUMENTATION_COMMENTS = YES;
				CLANG_WARN_EMPTY_BODY = YES;
				CLANG_WARN_ENUM_CONVERSION = YES;
				CLANG_WARN_INFINITE_RECURSION = YES;
				CLANG_WARN_INT_CONVERSION = YES;
				CLANG_WARN_NON_LITERAL_NULL_CONVERSION = YES;
				CLANG_WARN_OBJC_IMPLICIT_RETAIN_SELF = YES;
				CLANG_WARN_OBJC_LITERAL_CONVERSION = YES;
				CLANG_WARN_OBJC_ROOT_CLASS = YES_ERROR;
				CLANG_WARN_QUOTED_INCLUDE_IN_FRAMEWORK_HEADER = YES;
				CLANG_WARN_RANGE_LOOP_ANALYSIS = YES;
				CLANG_WARN_STRICT_PROTOTYPES = YES;
				CLANG_WARN_SUSPICIOUS_MOVE = YES;
				CLANG_WARN_UNGUARDED_AVAILABILITY = YES_AGGRESSIVE;
				CLANG_WARN_UNREACHABLE_CODE = YES;
				CLANG_WARN__DUPLICATE_METHOD_MATCH = YES;
				COPY_PHASE_STRIP = NO;
				DEBUG_INFORMATION_FORMAT = "dwarf-with-dsym";
				ENABLE_NS_ASSERTIONS = NO;
				ENABLE_STRICT_OBJC_MSGSEND = YES;
				GCC_C_LANGUAGE_STANDARD = gnu11;
				GCC_NO_COMMON_BLOCKS = YES;
				GCC_WARN_64_TO_32_BIT_CONVERSION = YES;
				GCC_WARN_ABOUT_RETURN_TYPE = YES_ERROR;
				GCC_WARN_UNDECLARED_SELECTOR = YES;
				GCC_WARN_UNINITIALIZED_AUTOS = YES_AGGRESSIVE;
				GCC_WARN_UNUSED_FUNCTION = YES;
				GCC_WARN_UNUSED_VARIABLE = YES;
				IPHONEOS_DEPLOYMENT_TARGET = 15.0;
				MTL_ENABLE_DEBUG_INFO = NO;
				MTL_FAST_MATH = YES;
				SDKROOT = iphoneos;
				SWIFT_COMPILATION_MODE = wholemodule;
				SWIFT_OPTIMIZATION_LEVEL = "-O";
				VALIDATE_PRODUCT = YES;
			};
			name = Release;
		};
		45F3EAF727675D8000FCB71D /* Debug */ = {
			isa = XCBuildConfiguration;
			buildSettings = {
				ASSETCATALOG_COMPILER_APPICON_NAME = AppIcon;
				ASSETCATALOG_COMPILER_GLOBAL_ACCENT_COLOR_NAME = AccentColor;
				CODE_SIGN_STYLE = Automatic;
				CURRENT_PROJECT_VERSION = 1;
				DEVELOPMENT_TEAM = MZL739Q426;
				GENERATE_INFOPLIST_FILE = YES;
				INFOPLIST_FILE = JazanWeather/Info.plist;
				INFOPLIST_KEY_UIApplicationSupportsIndirectInputEvents = YES;
				INFOPLIST_KEY_UILaunchStoryboardName = LaunchScreen;
				INFOPLIST_KEY_UIMainStoryboardFile = Main;
				INFOPLIST_KEY_UISupportedInterfaceOrientations_iPad = "UIInterfaceOrientationPortrait UIInterfaceOrientationPortraitUpsideDown UIInterfaceOrientationLandscapeLeft UIInterfaceOrientationLandscapeRight";
				INFOPLIST_KEY_UISupportedInterfaceOrientations_iPhone = "UIInterfaceOrientationPortrait UIInterfaceOrientationLandscapeLeft UIInterfaceOrientationLandscapeRight";
				LD_RUNPATH_SEARCH_PATHS = (
					"$(inherited)",
					"@executable_path/Frameworks",
				);
				MARKETING_VERSION = 1.0;
				PRODUCT_BUNDLE_IDENTIFIER = tuwaiq.ios.JazanWeather;
				PRODUCT_NAME = "$(TARGET_NAME)";
				SWIFT_EMIT_LOC_STRINGS = YES;
				SWIFT_VERSION = 5.0;
				TARGETED_DEVICE_FAMILY = "1,2";
			};
			name = Debug;
		};
		45F3EAF827675D8000FCB71D /* Release */ = {
			isa = XCBuildConfiguration;
			buildSettings = {
				ASSETCATALOG_COMPILER_APPICON_NAME = AppIcon;
				ASSETCATALOG_COMPILER_GLOBAL_ACCENT_COLOR_NAME = AccentColor;
				CODE_SIGN_STYLE = Automatic;
				CURRENT_PROJECT_VERSION = 1;
				DEVELOPMENT_TEAM = MZL739Q426;
				GENERATE_INFOPLIST_FILE = YES;
				INFOPLIST_FILE = JazanWeather/Info.plist;
				INFOPLIST_KEY_UIApplicationSupportsIndirectInputEvents = YES;
				INFOPLIST_KEY_UILaunchStoryboardName = LaunchScreen;
				INFOPLIST_KEY_UIMainStoryboardFile = Main;
				INFOPLIST_KEY_UISupportedInterfaceOrientations_iPad = "UIInterfaceOrientationPortrait UIInterfaceOrientationPortraitUpsideDown UIInterfaceOrientationLandscapeLeft UIInterfaceOrientationLandscapeRight";
				INFOPLIST_KEY_UISupportedInterfaceOrientations_iPhone = "UIInterfaceOrientationPortrait UIInterfaceOrientationLandscapeLeft UIInterfaceOrientationLandscapeRight";
				LD_RUNPATH_SEARCH_PATHS = (
					"$(inherited)",
					"@executable_path/Frameworks",
				);
				MARKETING_VERSION = 1.0;
				PRODUCT_BUNDLE_IDENTIFIER = tuwaiq.ios.JazanWeather;
				PRODUCT_NAME = "$(TARGET_NAME)";
				SWIFT_EMIT_LOC_STRINGS = YES;
				SWIFT_VERSION = 5.0;
				TARGETED_DEVICE_FAMILY = "1,2";
			};
			name = Release;
		};
		45F3EAFA27675D8000FCB71D /* Debug */ = {
			isa = XCBuildConfiguration;
			buildSettings = {
				ALWAYS_EMBED_SWIFT_STANDARD_LIBRARIES = YES;
				BUNDLE_LOADER = "$(TEST_HOST)";
				CODE_SIGN_STYLE = Automatic;
				CURRENT_PROJECT_VERSION = 1;
				DEVELOPMENT_TEAM = MZL739Q426;
				GENERATE_INFOPLIST_FILE = YES;
				IPHONEOS_DEPLOYMENT_TARGET = 15.0;
				LD_RUNPATH_SEARCH_PATHS = (
					"$(inherited)",
					"@executable_path/Frameworks",
					"@loader_path/Frameworks",
				);
				MARKETING_VERSION = 1.0;
				PRODUCT_BUNDLE_IDENTIFIER = tuwaiq.ios.JazanWeatherTests;
				PRODUCT_NAME = "$(TARGET_NAME)";
				SWIFT_EMIT_LOC_STRINGS = NO;
				SWIFT_VERSION = 5.0;
				TARGETED_DEVICE_FAMILY = "1,2";
				TEST_HOST = "$(BUILT_PRODUCTS_DIR)/JazanWeather.app/JazanWeather";
			};
			name = Debug;
		};
		45F3EAFB27675D8000FCB71D /* Release */ = {
			isa = XCBuildConfiguration;
			buildSettings = {
				ALWAYS_EMBED_SWIFT_STANDARD_LIBRARIES = YES;
				BUNDLE_LOADER = "$(TEST_HOST)";
				CODE_SIGN_STYLE = Automatic;
				CURRENT_PROJECT_VERSION = 1;
				DEVELOPMENT_TEAM = MZL739Q426;
				GENERATE_INFOPLIST_FILE = YES;
				IPHONEOS_DEPLOYMENT_TARGET = 15.0;
				LD_RUNPATH_SEARCH_PATHS = (
					"$(inherited)",
					"@executable_path/Frameworks",
					"@loader_path/Frameworks",
				);
				MARKETING_VERSION = 1.0;
				PRODUCT_BUNDLE_IDENTIFIER = tuwaiq.ios.JazanWeatherTests;
				PRODUCT_NAME = "$(TARGET_NAME)";
				SWIFT_EMIT_LOC_STRINGS = NO;
				SWIFT_VERSION = 5.0;
				TARGETED_DEVICE_FAMILY = "1,2";
				TEST_HOST = "$(BUILT_PRODUCTS_DIR)/JazanWeather.app/JazanWeather";
			};
			name = Release;
		};
		45F3EAFD27675D8000FCB71D /* Debug */ = {
			isa = XCBuildConfiguration;
			buildSettings = {
				ALWAYS_EMBED_SWIFT_STANDARD_LIBRARIES = YES;
				CODE_SIGN_STYLE = Automatic;
				CURRENT_PROJECT_VERSION = 1;
				DEVELOPMENT_TEAM = MZL739Q426;
				GENERATE_INFOPLIST_FILE = YES;
				LD_RUNPATH_SEARCH_PATHS = (
					"$(inherited)",
					"@executable_path/Frameworks",
					"@loader_path/Frameworks",
				);
				MARKETING_VERSION = 1.0;
				PRODUCT_BUNDLE_IDENTIFIER = tuwaiq.ios.JazanWeatherUITests;
				PRODUCT_NAME = "$(TARGET_NAME)";
				SWIFT_EMIT_LOC_STRINGS = NO;
				SWIFT_VERSION = 5.0;
				TARGETED_DEVICE_FAMILY = "1,2";
				TEST_TARGET_NAME = JazanWeather;
			};
			name = Debug;
		};
		45F3EAFE27675D8000FCB71D /* Release */ = {
			isa = XCBuildConfiguration;
			buildSettings = {
				ALWAYS_EMBED_SWIFT_STANDARD_LIBRARIES = YES;
				CODE_SIGN_STYLE = Automatic;
				CURRENT_PROJECT_VERSION = 1;
				DEVELOPMENT_TEAM = MZL739Q426;
				GENERATE_INFOPLIST_FILE = YES;
				LD_RUNPATH_SEARCH_PATHS = (
					"$(inherited)",
					"@executable_path/Frameworks",
					"@loader_path/Frameworks",
				);
				MARKETING_VERSION = 1.0;
				PRODUCT_BUNDLE_IDENTIFIER = tuwaiq.ios.JazanWeatherUITests;
				PRODUCT_NAME = "$(TARGET_NAME)";
				SWIFT_EMIT_LOC_STRINGS = NO;
				SWIFT_VERSION = 5.0;
				TARGETED_DEVICE_FAMILY = "1,2";
				TEST_TARGET_NAME = JazanWeather;
			};
			name = Release;
		};
/* End XCBuildConfiguration section */

/* Begin XCConfigurationList section */
		45F3EAC727675D7E00FCB71D /* Build configuration list for PBXProject "JazanWeather" */ = {
			isa = XCConfigurationList;
			buildConfigurations = (
				45F3EAF427675D8000FCB71D /* Debug */,
				45F3EAF527675D8000FCB71D /* Release */,
			);
			defaultConfigurationIsVisible = 0;
			defaultConfigurationName = Release;
		};
		45F3EAF627675D8000FCB71D /* Build configuration list for PBXNativeTarget "JazanWeather" */ = {
			isa = XCConfigurationList;
			buildConfigurations = (
				45F3EAF727675D8000FCB71D /* Debug */,
				45F3EAF827675D8000FCB71D /* Release */,
			);
			defaultConfigurationIsVisible = 0;
			defaultConfigurationName = Release;
		};
		45F3EAF927675D8000FCB71D /* Build configuration list for PBXNativeTarget "JazanWeatherTests" */ = {
			isa = XCConfigurationList;
			buildConfigurations = (
				45F3EAFA27675D8000FCB71D /* Debug */,
				45F3EAFB27675D8000FCB71D /* Release */,
			);
			defaultConfigurationIsVisible = 0;
			defaultConfigurationName = Release;
		};
		45F3EAFC27675D8000FCB71D /* Build configuration list for PBXNativeTarget "JazanWeatherUITests" */ = {
			isa = XCConfigurationList;
			buildConfigurations = (
				45F3EAFD27675D8000FCB71D /* Debug */,
				45F3EAFE27675D8000FCB71D /* Release */,
			);
			defaultConfigurationIsVisible = 0;
			defaultConfigurationName = Release;
		};
/* End XCConfigurationList section */
	};
	rootObject = 45F3EAC427675D7E00FCB71D /* Project object */;
}
